// !$*UTF8*$!
{
	archiveVersion = 1;
	classes = {
	};
	objectVersion = 48;
	objects = {

/* Begin PBXBuildFile section */
		D5AEC0261F546B2E00D2E1BC /* AppDelegate.swift in Sources */ = {isa = PBXBuildFile; fileRef = D5AEC0251F546B2E00D2E1BC /* AppDelegate.swift */; };
		D5AEC0281F546B2E00D2E1BC /* ViewController.swift in Sources */ = {isa = PBXBuildFile; fileRef = D5AEC0271F546B2E00D2E1BC /* ViewController.swift */; };
		D5AEC02B1F546B2E00D2E1BC /* Main.storyboard in Resources */ = {isa = PBXBuildFile; fileRef = D5AEC0291F546B2E00D2E1BC /* Main.storyboard */; };
		D5AEC02D1F546B2E00D2E1BC /* Assets.xcassets in Resources */ = {isa = PBXBuildFile; fileRef = D5AEC02C1F546B2E00D2E1BC /* Assets.xcassets */; };
		D5AEC0301F546B2E00D2E1BC /* LaunchScreen.storyboard in Resources */ = {isa = PBXBuildFile; fileRef = D5AEC02E1F546B2E00D2E1BC /* LaunchScreen.storyboard */; };
		D5AEC0391F546BA400D2E1BC /* KSYProgressView.swift in Sources */ = {isa = PBXBuildFile; fileRef = D5AEC0381F546BA400D2E1BC /* KSYProgressView.swift */; };
		D5AEC03D1F546D8D00D2E1BC /* KSYProgressBarType.swift in Sources */ = {isa = PBXBuildFile; fileRef = D5AEC03C1F546D8D00D2E1BC /* KSYProgressBarType.swift */; };
/* End PBXBuildFile section */

/* Begin PBXFileReference section */
		D5AEC0221F546B2E00D2E1BC /* KSYProgressView.app */ = {isa = PBXFileReference; explicitFileType = wrapper.application; includeInIndex = 0; path = KSYProgressView.app; sourceTree = BUILT_PRODUCTS_DIR; };
		D5AEC0251F546B2E00D2E1BC /* AppDelegate.swift */ = {isa = PBXFileReference; lastKnownFileType = sourcecode.swift; path = AppDelegate.swift; sourceTree = "<group>"; };
		D5AEC0271F546B2E00D2E1BC /* ViewController.swift */ = {isa = PBXFileReference; lastKnownFileType = sourcecode.swift; path = ViewController.swift; sourceTree = "<group>"; };
		D5AEC02A1F546B2E00D2E1BC /* Base */ = {isa = PBXFileReference; lastKnownFileType = file.storyboard; name = Base; path = Base.lproj/Main.storyboard; sourceTree = "<group>"; };
		D5AEC02C1F546B2E00D2E1BC /* Assets.xcassets */ = {isa = PBXFileReference; lastKnownFileType = folder.assetcatalog; path = Assets.xcassets; sourceTree = "<group>"; };
		D5AEC02F1F546B2E00D2E1BC /* Base */ = {isa = PBXFileReference; lastKnownFileType = file.storyboard; name = Base; path = Base.lproj/LaunchScreen.storyboard; sourceTree = "<group>"; };
		D5AEC0311F546B2E00D2E1BC /* Info.plist */ = {isa = PBXFileReference; lastKnownFileType = text.plist.xml; path = Info.plist; sourceTree = "<group>"; };
		D5AEC0381F546BA400D2E1BC /* KSYProgressView.swift */ = {isa = PBXFileReference; lastKnownFileType = sourcecode.swift; path = KSYProgressView.swift; sourceTree = "<group>"; };
		D5AEC03C1F546D8D00D2E1BC /* KSYProgressBarType.swift */ = {isa = PBXFileReference; lastKnownFileType = sourcecode.swift; path = KSYProgressBarType.swift; sourceTree = "<group>"; };
/* End PBXFileReference section */

/* Begin PBXFrameworksBuildPhase section */
		D5AEC01F1F546B2E00D2E1BC /* Frameworks */ = {
			isa = PBXFrameworksBuildPhase;
			buildActionMask = 2147483647;
			files = (
			);
			runOnlyForDeploymentPostprocessing = 0;
		};
/* End PBXFrameworksBuildPhase section */

/* Begin PBXGroup section */
		D5AEC0191F546B2D00D2E1BC = {
			isa = PBXGroup;
			children = (
				D5AEC0241F546B2E00D2E1BC /* KSYProgressView */,
				D5AEC0231F546B2E00D2E1BC /* Products */,
			);
			sourceTree = "<group>";
		};
		D5AEC0231F546B2E00D2E1BC /* Products */ = {
			isa = PBXGroup;
			children = (
				D5AEC0221F546B2E00D2E1BC /* KSYProgressView.app */,
			);
			name = Products;
			sourceTree = "<group>";
		};
		D5AEC0241F546B2E00D2E1BC /* KSYProgressView */ = {
			isa = PBXGroup;
			children = (
				D5AEC0371F546B8D00D2E1BC /* Progress */,
				D5AEC0251F546B2E00D2E1BC /* AppDelegate.swift */,
				D5AEC0271F546B2E00D2E1BC /* ViewController.swift */,
				D5AEC0291F546B2E00D2E1BC /* Main.storyboard */,
				D5AEC02C1F546B2E00D2E1BC /* Assets.xcassets */,
				D5AEC02E1F546B2E00D2E1BC /* LaunchScreen.storyboard */,
				D5AEC0311F546B2E00D2E1BC /* Info.plist */,
			);
			path = KSYProgressView;
			sourceTree = "<group>";
		};
		D5AEC0371F546B8D00D2E1BC /* Progress */ = {
			isa = PBXGroup;
			children = (
				D5AEC0381F546BA400D2E1BC /* KSYProgressView.swift */,
				D5AEC03C1F546D8D00D2E1BC /* KSYProgressBarType.swift */,
			);
			path = Progress;
			sourceTree = "<group>";
		};
/* End PBXGroup section */

/* Begin PBXNativeTarget section */
		D5AEC0211F546B2E00D2E1BC /* KSYProgressView */ = {
			isa = PBXNativeTarget;
			buildConfigurationList = D5AEC0341F546B2E00D2E1BC /* Build configuration list for PBXNativeTarget "KSYProgressView" */;
			buildPhases = (
				D5AEC01E1F546B2E00D2E1BC /* Sources */,
				D5AEC01F1F546B2E00D2E1BC /* Frameworks */,
				D5AEC0201F546B2E00D2E1BC /* Resources */,
			);
			buildRules = (
			);
			dependencies = (
			);
			name = KSYProgressView;
			productName = KSYProgressView;
			productReference = D5AEC0221F546B2E00D2E1BC /* KSYProgressView.app */;
			productType = "com.apple.product-type.application";
		};
/* End PBXNativeTarget section */

/* Begin PBXProject section */
		D5AEC01A1F546B2D00D2E1BC /* Project object */ = {
			isa = PBXProject;
			attributes = {
				LastSwiftUpdateCheck = 0900;
				LastUpgradeCheck = 0900;
				ORGANIZATIONNAME = ksyfast;
				TargetAttributes = {
					D5AEC0211F546B2E00D2E1BC = {
						CreatedOnToolsVersion = 9.0;
					};
				};
			};
			buildConfigurationList = D5AEC01D1F546B2D00D2E1BC /* Build configuration list for PBXProject "KSYProgressView" */;
			compatibilityVersion = "Xcode 8.0";
			developmentRegion = en;
			hasScannedForEncodings = 0;
			knownRegions = (
				en,
				Base,
			);
			mainGroup = D5AEC0191F546B2D00D2E1BC;
			productRefGroup = D5AEC0231F546B2E00D2E1BC /* Products */;
			projectDirPath = "";
			projectRoot = "";
			targets = (
				D5AEC0211F546B2E00D2E1BC /* KSYProgressView */,
			);
		};
/* End PBXProject section */

/* Begin PBXResourcesBuildPhase section */
		D5AEC0201F546B2E00D2E1BC /* Resources */ = {
			isa = PBXResourcesBuildPhase;
			buildActionMask = 2147483647;
			files = (
				D5AEC0301F546B2E00D2E1BC /* LaunchScreen.storyboard in Resources */,
				D5AEC02D1F546B2E00D2E1BC /* Assets.xcassets in Resources */,
				D5AEC02B1F546B2E00D2E1BC /* Main.storyboard in Resources */,
			);
			runOnlyForDeploymentPostprocessing = 0;
		};
/* End PBXResourcesBuildPhase section */

/* Begin PBXSourcesBuildPhase section */
		D5AEC01E1F546B2E00D2E1BC /* Sources */ = {
			isa = PBXSourcesBuildPhase;
			buildActionMask = 2147483647;
			files = (
				D5AEC0281F546B2E00D2E1BC /* ViewController.swift in Sources */,
				D5AEC03D1F546D8D00D2E1BC /* KSYProgressBarType.swift in Sources */,
				D5AEC0391F546BA400D2E1BC /* KSYProgressView.swift in Sources */,
				D5AEC0261F546B2E00D2E1BC /* AppDelegate.swift in Sources */,
			);
			runOnlyForDeploymentPostprocessing = 0;
		};
/* End PBXSourcesBuildPhase section */

/* Begin PBXVariantGroup section */
		D5AEC0291F546B2E00D2E1BC /* Main.storyboard */ = {
			isa = PBXVariantGroup;
			children = (
				D5AEC02A1F546B2E00D2E1BC /* Base */,
			);
			name = Main.storyboard;
			sourceTree = "<group>";
		};
		D5AEC02E1F546B2E00D2E1BC /* LaunchScreen.storyboard */ = {
			isa = PBXVariantGroup;
			children = (
				D5AEC02F1F546B2E00D2E1BC /* Base */,
			);
			name = LaunchScreen.storyboard;
			sourceTree = "<group>";
		};
/* End PBXVariantGroup section */

/* Begin XCBuildConfiguration section */
		D5AEC0321F546B2E00D2E1BC /* Debug */ = {
			isa = XCBuildConfiguration;
			buildSettings = {
				ALWAYS_SEARCH_USER_PATHS = NO;
				CLANG_ANALYZER_NONNULL = YES;
				CLANG_ANALYZER_NUMBER_OBJECT_CONVERSION = YES_AGGRESSIVE;
				CLANG_CXX_LANGUAGE_STANDARD = "gnu++14";
				CLANG_CXX_LIBRARY = "libc++";
				CLANG_ENABLE_MODULES = YES;
				CLANG_ENABLE_OBJC_ARC = YES;
				CLANG_WARN_BLOCK_CAPTURE_AUTORELEASING = YES;
				CLANG_WARN_BOOL_CONVERSION = YES;
				CLANG_WARN_COMMA = YES;
				CLANG_WARN_CONSTANT_CONVERSION = YES;
				CLANG_WARN_DIRECT_OBJC_ISA_USAGE = YES_ERROR;
				CLANG_WARN_DOCUMENTATION_COMMENTS = YES;
				CLANG_WARN_EMPTY_BODY = YES;
				CLANG_WARN_ENUM_CONVERSION = YES;
				CLANG_WARN_INFINITE_RECURSION = YES;
				CLANG_WARN_INT_CONVERSION = YES;
				CLANG_WARN_NON_LITERAL_NULL_CONVERSION = YES;
				CLANG_WARN_OBJC_LITERAL_CONVERSION = YES;
				CLANG_WARN_OBJC_ROOT_CLASS = YES_ERROR;
				CLANG_WARN_RANGE_LOOP_ANALYSIS = YES;
				CLANG_WARN_STRICT_PROTOTYPES = YES;
				CLANG_WARN_SUSPICIOUS_MOVE = YES;
				CLANG_WARN_UNGUARDED_AVAILABILITY = YES_AGGRESSIVE;
				CLANG_WARN_UNREACHABLE_CODE = YES;
				CLANG_WARN__DUPLICATE_METHOD_MATCH = YES;
				CODE_SIGN_IDENTITY = "iPhone Developer";
				COPY_PHASE_STRIP = NO;
				DEBUG_INFORMATION_FORMAT = dwarf;
				ENABLE_STRICT_OBJC_MSGSEND = YES;
				ENABLE_TESTABILITY = YES;
				GCC_C_LANGUAGE_STANDARD = gnu11;
				GCC_DYNAMIC_NO_PIC = NO;
				GCC_NO_COMMON_BLOCKS = YES;
				GCC_OPTIMIZATION_LEVEL = 0;
				GCC_PREPROCESSOR_DEFINITIONS = (
					"DEBUG=1",
					"$(inherited)",
				);
				GCC_WARN_64_TO_32_BIT_CONVERSION = YES;
				GCC_WARN_ABOUT_RETURN_TYPE = YES_ERROR;
				GCC_WARN_UNDECLARED_SELECTOR = YES;
				GCC_WARN_UNINITIALIZED_AUTOS = YES_AGGRESSIVE;
				GCC_WARN_UNUSED_FUNCTION = YES;
				GCC_WARN_UNUSED_VARIABLE = YES;
				IPHONEOS_DEPLOYMENT_TARGET = 8.0;
				MTL_ENABLE_DEBUG_INFO = YES;
				ONLY_ACTIVE_ARCH = YES;
				SDKROOT = iphoneos;
				SWIFT_ACTIVE_COMPILATION_CONDITIONS = DEBUG;
				SWIFT_OPTIMIZATION_LEVEL = "-Onone";
			};
			name = Debug;
		};
		D5AEC0331F546B2E00D2E1BC /* Release */ = {
			isa = XCBuildConfiguration;
			buildSettings = {
				ALWAYS_SEARCH_USER_PATHS = NO;
				CLANG_ANALYZER_NONNULL = YES;
				CLANG_ANALYZER_NUMBER_OBJECT_CONVERSION = YES_AGGRESSIVE;
				CLANG_CXX_LANGUAGE_STANDARD = "gnu++14";
				CLANG_CXX_LIBRARY = "libc++";
				CLANG_ENABLE_MODULES = YES;
				CLANG_ENABLE_OBJC_ARC = YES;
				CLANG_WARN_BLOCK_CAPTURE_AUTORELEASING = YES;
				CLANG_WARN_BOOL_CONVERSION = YES;
				CLANG_WARN_COMMA = YES;
				CLANG_WARN_CONSTANT_CONVERSION = YES;
				CLANG_WARN_DIRECT_OBJC_ISA_USAGE = YES_ERROR;
				CLANG_WARN_DOCUMENTATION_COMMENTS = YES;
				CLANG_WARN_EMPTY_BODY = YES;
				CLANG_WARN_ENUM_CONVERSION = YES;
				CLANG_WARN_INFINITE_RECURSION = YES;
				CLANG_WARN_INT_CONVERSION = YES;
				CLANG_WARN_NON_LITERAL_NULL_CONVERSION = YES;
				CLANG_WARN_OBJC_LITERAL_CONVERSION = YES;
				CLANG_WARN_OBJC_ROOT_CLASS = YES_ERROR;
				CLANG_WARN_RANGE_LOOP_ANALYSIS = YES;
				CLANG_WARN_STRICT_PROTOTYPES = YES;
				CLANG_WARN_SUSPICIOUS_MOVE = YES;
				CLANG_WARN_UNGUARDED_AVAILABILITY = YES_AGGRESSIVE;
				CLANG_WARN_UNREACHABLE_CODE = YES;
				CLANG_WARN__DUPLICATE_METHOD_MATCH = YES;
				CODE_SIGN_IDENTITY = "iPhone Developer";
				COPY_PHASE_STRIP = NO;
				DEBUG_INFORMATION_FORMAT = "dwarf-with-dsym";
				ENABLE_NS_ASSERTIONS = NO;
				ENABLE_STRICT_OBJC_MSGSEND = YES;
				GCC_C_LANGUAGE_STANDARD = gnu11;
				GCC_NO_COMMON_BLOCKS = YES;
				GCC_WARN_64_TO_32_BIT_CONVERSION = YES;
				GCC_WARN_ABOUT_RETURN_TYPE = YES_ERROR;
				GCC_WARN_UNDECLARED_SELECTOR = YES;
				GCC_WARN_UNINITIALIZED_AUTOS = YES_AGGRESSIVE;
				GCC_WARN_UNUSED_FUNCTION = YES;
				GCC_WARN_UNUSED_VARIABLE = YES;
				IPHONEOS_DEPLOYMENT_TARGET = 8.0;
				MTL_ENABLE_DEBUG_INFO = NO;
				SDKROOT = iphoneos;
				SWIFT_OPTIMIZATION_LEVEL = "-Owholemodule";
				VALIDATE_PRODUCT = YES;
			};
			name = Release;
		};
		D5AEC0351F546B2E00D2E1BC /* Debug */ = {
			isa = XCBuildConfiguration;
			buildSettings = {
				ASSETCATALOG_COMPILER_APPICON_NAME = AppIcon;
				DEVELOPMENT_TEAM = J7XJK67HUB;
				INFOPLIST_FILE = KSYProgressView/Info.plist;
				IPHONEOS_DEPLOYMENT_TARGET = 8.0;
				LD_RUNPATH_SEARCH_PATHS = "$(inherited) @executable_path/Frameworks";
				PRODUCT_BUNDLE_IDENTIFIER = ksy.KSYProgressView;
				PRODUCT_NAME = "$(TARGET_NAME)";
				SWIFT_VERSION = 4.0;
				TARGETED_DEVICE_FAMILY = "1,2";
			};
			name = Debug;
		};
		D5AEC0361F546B2E00D2E1BC /* Release */ = {
			isa = XCBuildConfiguration;
			buildSettings = {
				ASSETCATALOG_COMPILER_APPICON_NAME = AppIcon;
				DEVELOPMENT_TEAM = J7XJK67HUB;
				INFOPLIST_FILE = KSYProgressView/Info.plist;
				IPHONEOS_DEPLOYMENT_TARGET = 8.0;
				LD_RUNPATH_SEARCH_PATHS = "$(inherited) @executable_path/Frameworks";
				PRODUCT_BUNDLE_IDENTIFIER = ksy.KSYProgressView;
				PRODUCT_NAME = "$(TARGET_NAME)";
				SWIFT_VERSION = 4.0;
				TARGETED_DEVICE_FAMILY = "1,2";
			};
			name = Release;
		};
/* End XCBuildConfiguration section */

/* Begin XCConfigurationList section */
		D5AEC01D1F546B2D00D2E1BC /* Build configuration list for PBXProject "KSYProgressView" */ = {
			isa = XCConfigurationList;
			buildConfigurations = (
				D5AEC0321F546B2E00D2E1BC /* Debug */,
				D5AEC0331F546B2E00D2E1BC /* Release */,
			);
			defaultConfigurationIsVisible = 0;
			defaultConfigurationName = Release;
		};
		D5AEC0341F546B2E00D2E1BC /* Build configuration list for PBXNativeTarget "KSYProgressView" */ = {
			isa = XCConfigurationList;
			buildConfigurations = (
				D5AEC0351F546B2E00D2E1BC /* Debug */,
				D5AEC0361F546B2E00D2E1BC /* Release */,
			);
			defaultConfigurationIsVisible = 0;
			defaultConfigurationName = Release;
		};
/* End XCConfigurationList section */
	};
	rootObject = D5AEC01A1F546B2D00D2E1BC /* Project object */;
}
